
Microsoft Visual Studio Solution File, Format Version 12.00
# Visual Studio Version 16
VisualStudioVersion = 16.0.33423.256
MinimumVisualStudioVersion = 10.0.40219.1
Project("{FAE04EC0-301F-11D3-BF4B-00C04F79EFBC}") = "Operators Assignment", "Operators Assignment\Operators Assignment.csproj", "{8403F229-75DA-4F04-97EE-58196415C368}"
EndProject
Global
	GlobalSection(SolutionConfigurationPlatforms) = preSolution
		Debug|Any CPU = Debug|Any CPU
		Release|Any CPU = Release|Any CPU
	EndGlobalSection
	GlobalSection(ProjectConfigurationPlatforms) = postSolution
		{8403F229-75DA-4F04-97EE-58196415C368}.Debug|Any CPU.ActiveCfg = Debug|Any CPU
		{8403F229-75DA-4F04-97EE-58196415C368}.Debug|Any CPU.Build.0 = Debug|Any CPU
		{8403F229-75DA-4F04-97EE-58196415C368}.Release|Any CPU.ActiveCfg = Release|Any CPU
		{8403F229-75DA-4F04-97EE-58196415C368}.Release|Any CPU.Build.0 = Release|Any CPU
	EndGlobalSection
	GlobalSection(SolutionProperties) = preSolution
		HideSolutionNode = FALSE
	EndGlobalSection
	GlobalSection(ExtensibilityGlobals) = postSolution
		SolutionGuid = {D37224FD-CB9D-42F2-B956-80C5BB1FA815}
	EndGlobalSection
EndGlobal
