
Microsoft Visual Studio Solution File, Format Version 12.00
# Visual Studio Version 16
VisualStudioVersion = 16.0.33423.256
MinimumVisualStudioVersion = 10.0.40219.1
Project("{FAE04EC0-301F-11D3-BF4B-00C04F79EFBC}") = "Calling Methods Assignment 3", "Calling Methods Assignment 3\Calling Methods Assignment 3.csproj", "{8009AB0D-4CC3-4B0E-BDD7-C8C9D6B79B05}"
EndProject
Global
	GlobalSection(SolutionConfigurationPlatforms) = preSolution
		Debug|Any CPU = Debug|Any CPU
		Release|Any CPU = Release|Any CPU
	EndGlobalSection
	GlobalSection(ProjectConfigurationPlatforms) = postSolution
		{8009AB0D-4CC3-4B0E-BDD7-C8C9D6B79B05}.Debug|Any CPU.ActiveCfg = Debug|Any CPU
		{8009AB0D-4CC3-4B0E-BDD7-C8C9D6B79B05}.Debug|Any CPU.Build.0 = Debug|Any CPU
		{8009AB0D-4CC3-4B0E-BDD7-C8C9D6B79B05}.Release|Any CPU.ActiveCfg = Release|Any CPU
		{8009AB0D-4CC3-4B0E-BDD7-C8C9D6B79B05}.Release|Any CPU.Build.0 = Release|Any CPU
	EndGlobalSection
	GlobalSection(SolutionProperties) = preSolution
		HideSolutionNode = FALSE
	EndGlobalSection
	GlobalSection(ExtensibilityGlobals) = postSolution
		SolutionGuid = {7A087573-56FE-4DF3-BACD-F6D76F7F24C2}
	EndGlobalSection
EndGlobal
