
Microsoft Visual Studio Solution File, Format Version 12.00
# Visual Studio Version 16
VisualStudioVersion = 16.0.33423.256
MinimumVisualStudioVersion = 10.0.40219.1
Project("{FAE04EC0-301F-11D3-BF4B-00C04F79EFBC}") = "Abstract Class Assignment", "Abstract Class Assignment\Abstract Class Assignment.csproj", "{1DC92E61-512B-4A46-8F71-007D2EBE2C6D}"
EndProject
Global
	GlobalSection(SolutionConfigurationPlatforms) = preSolution
		Debug|Any CPU = Debug|Any CPU
		Release|Any CPU = Release|Any CPU
	EndGlobalSection
	GlobalSection(ProjectConfigurationPlatforms) = postSolution
		{1DC92E61-512B-4A46-8F71-007D2EBE2C6D}.Debug|Any CPU.ActiveCfg = Debug|Any CPU
		{1DC92E61-512B-4A46-8F71-007D2EBE2C6D}.Debug|Any CPU.Build.0 = Debug|Any CPU
		{1DC92E61-512B-4A46-8F71-007D2EBE2C6D}.Release|Any CPU.ActiveCfg = Release|Any CPU
		{1DC92E61-512B-4A46-8F71-007D2EBE2C6D}.Release|Any CPU.Build.0 = Release|Any CPU
	EndGlobalSection
	GlobalSection(SolutionProperties) = preSolution
		HideSolutionNode = FALSE
	EndGlobalSection
	GlobalSection(ExtensibilityGlobals) = postSolution
		SolutionGuid = {173AFD69-A66E-4664-A76A-D327D2979254}
	EndGlobalSection
EndGlobal
