
Microsoft Visual Studio Solution File, Format Version 12.00
# Visual Studio Version 16
VisualStudioVersion = 16.0.33423.256
MinimumVisualStudioVersion = 10.0.40219.1
Project("{FAE04EC0-301F-11D3-BF4B-00C04F79EFBC}") = "Struct Assignment", "Struct Assignment\Struct Assignment.csproj", "{A92F1ADD-9E22-44AA-9ACB-81BCD7E82FD3}"
EndProject
Global
	GlobalSection(SolutionConfigurationPlatforms) = preSolution
		Debug|Any CPU = Debug|Any CPU
		Release|Any CPU = Release|Any CPU
	EndGlobalSection
	GlobalSection(ProjectConfigurationPlatforms) = postSolution
		{A92F1ADD-9E22-44AA-9ACB-81BCD7E82FD3}.Debug|Any CPU.ActiveCfg = Debug|Any CPU
		{A92F1ADD-9E22-44AA-9ACB-81BCD7E82FD3}.Debug|Any CPU.Build.0 = Debug|Any CPU
		{A92F1ADD-9E22-44AA-9ACB-81BCD7E82FD3}.Release|Any CPU.ActiveCfg = Release|Any CPU
		{A92F1ADD-9E22-44AA-9ACB-81BCD7E82FD3}.Release|Any CPU.Build.0 = Release|Any CPU
	EndGlobalSection
	GlobalSection(SolutionProperties) = preSolution
		HideSolutionNode = FALSE
	EndGlobalSection
	GlobalSection(ExtensibilityGlobals) = postSolution
		SolutionGuid = {BB9F61CF-42C4-414C-ABDB-9D87238CF561}
	EndGlobalSection
EndGlobal
