
Microsoft Visual Studio Solution File, Format Version 12.00
# Visual Studio Version 16
VisualStudioVersion = 16.0.33423.256
MinimumVisualStudioVersion = 10.0.40219.1
Project("{FAE04EC0-301F-11D3-BF4B-00C04F79EFBC}") = "Polymorphism Assignment", "Polymorphism Assignment\Polymorphism Assignment.csproj", "{4525BDD5-52BA-4EAA-BA43-A10078C91601}"
EndProject
Global
	GlobalSection(SolutionConfigurationPlatforms) = preSolution
		Debug|Any CPU = Debug|Any CPU
		Release|Any CPU = Release|Any CPU
	EndGlobalSection
	GlobalSection(ProjectConfigurationPlatforms) = postSolution
		{4525BDD5-52BA-4EAA-BA43-A10078C91601}.Debug|Any CPU.ActiveCfg = Debug|Any CPU
		{4525BDD5-52BA-4EAA-BA43-A10078C91601}.Debug|Any CPU.Build.0 = Debug|Any CPU
		{4525BDD5-52BA-4EAA-BA43-A10078C91601}.Release|Any CPU.ActiveCfg = Release|Any CPU
		{4525BDD5-52BA-4EAA-BA43-A10078C91601}.Release|Any CPU.Build.0 = Release|Any CPU
	EndGlobalSection
	GlobalSection(SolutionProperties) = preSolution
		HideSolutionNode = FALSE
	EndGlobalSection
	GlobalSection(ExtensibilityGlobals) = postSolution
		SolutionGuid = {24E340C6-9B9B-42A2-BFB7-14FAB1996288}
	EndGlobalSection
EndGlobal
