
Microsoft Visual Studio Solution File, Format Version 12.00
# Visual Studio Version 16
VisualStudioVersion = 16.0.33423.256
MinimumVisualStudioVersion = 10.0.40219.1
Project("{FAE04EC0-301F-11D3-BF4B-00C04F79EFBC}") = "Parameters Assignment", "Parameters Assignment\Parameters Assignment.csproj", "{1C528B74-5FFD-4A0D-94B7-8A6D8D403FBB}"
EndProject
Global
	GlobalSection(SolutionConfigurationPlatforms) = preSolution
		Debug|Any CPU = Debug|Any CPU
		Release|Any CPU = Release|Any CPU
	EndGlobalSection
	GlobalSection(ProjectConfigurationPlatforms) = postSolution
		{1C528B74-5FFD-4A0D-94B7-8A6D8D403FBB}.Debug|Any CPU.ActiveCfg = Debug|Any CPU
		{1C528B74-5FFD-4A0D-94B7-8A6D8D403FBB}.Debug|Any CPU.Build.0 = Debug|Any CPU
		{1C528B74-5FFD-4A0D-94B7-8A6D8D403FBB}.Release|Any CPU.ActiveCfg = Release|Any CPU
		{1C528B74-5FFD-4A0D-94B7-8A6D8D403FBB}.Release|Any CPU.Build.0 = Release|Any CPU
	EndGlobalSection
	GlobalSection(SolutionProperties) = preSolution
		HideSolutionNode = FALSE
	EndGlobalSection
	GlobalSection(ExtensibilityGlobals) = postSolution
		SolutionGuid = {823DCED5-A277-4AD5-9607-558A03AA162F}
	EndGlobalSection
EndGlobal
